
Microsoft Visual Studio Solution File, Format Version 12.00
# Visual Studio Version 16
VisualStudioVersion = 16.0.30804.86
MinimumVisualStudioVersion = 10.0.40219.1
Project("{FAE04EC0-301F-11D3-BF4B-00C04F79EFBC}") = "Structs", "Structs\Structs.csproj", "{2698F31E-3F42-49EA-967D-044C2E2B9C2E}"
EndProject
Global
	GlobalSection(SolutionConfigurationPlatforms) = preSolution
		Debug|Any CPU = Debug|Any CPU
		Release|Any CPU = Release|Any CPU
	EndGlobalSection
	GlobalSection(ProjectConfigurationPlatforms) = postSolution
		{2698F31E-3F42-49EA-967D-044C2E2B9C2E}.Debug|Any CPU.ActiveCfg = Debug|Any CPU
		{2698F31E-3F42-49EA-967D-044C2E2B9C2E}.Debug|Any CPU.Build.0 = Debug|Any CPU
		{2698F31E-3F42-49EA-967D-044C2E2B9C2E}.Release|Any CPU.ActiveCfg = Release|Any CPU
		{2698F31E-3F42-49EA-967D-044C2E2B9C2E}.Release|Any CPU.Build.0 = Release|Any CPU
	EndGlobalSection
	GlobalSection(SolutionProperties) = preSolution
		HideSolutionNode = FALSE
	EndGlobalSection
	GlobalSection(ExtensibilityGlobals) = postSolution
		SolutionGuid = {07D2C9C8-E9AA-4F02-B5AB-A1A81D14EBC0}
	EndGlobalSection
EndGlobal
