
Microsoft Visual Studio Solution File, Format Version 12.00
# Visual Studio Version 16
VisualStudioVersion = 16.0.30804.86
MinimumVisualStudioVersion = 10.0.40219.1
Project("{FAE04EC0-301F-11D3-BF4B-00C04F79EFBC}") = "NewsletterAppMVC", "NewsletterAppMVC\NewsletterAppMVC.csproj", "{562EAF68-F653-4DFB-9243-02266DF3C40C}"
EndProject
Global
	GlobalSection(SolutionConfigurationPlatforms) = preSolution
		Debug|Any CPU = Debug|Any CPU
		Release|Any CPU = Release|Any CPU
	EndGlobalSection
	GlobalSection(ProjectConfigurationPlatforms) = postSolution
		{562EAF68-F653-4DFB-9243-02266DF3C40C}.Debug|Any CPU.ActiveCfg = Debug|Any CPU
		{562EAF68-F653-4DFB-9243-02266DF3C40C}.Debug|Any CPU.Build.0 = Debug|Any CPU
		{562EAF68-F653-4DFB-9243-02266DF3C40C}.Release|Any CPU.ActiveCfg = Release|Any CPU
		{562EAF68-F653-4DFB-9243-02266DF3C40C}.Release|Any CPU.Build.0 = Release|Any CPU
	EndGlobalSection
	GlobalSection(SolutionProperties) = preSolution
		HideSolutionNode = FALSE
	EndGlobalSection
	GlobalSection(ExtensibilityGlobals) = postSolution
		SolutionGuid = {DC5F9D31-8B85-44DB-B8AD-2A16E5F988FB}
	EndGlobalSection
EndGlobal
