
Microsoft Visual Studio Solution File, Format Version 12.00
# Visual Studio Version 16
VisualStudioVersion = 16.0.30804.86
MinimumVisualStudioVersion = 10.0.40219.1
Project("{FAE04EC0-301F-11D3-BF4B-00C04F79EFBC}") = "ShippingQuoteApp", "ShippingQuoteApp\ShippingQuoteApp.csproj", "{B646612C-CC12-4D13-8BC8-AFAB5207E1E2}"
EndProject
Global
	GlobalSection(SolutionConfigurationPlatforms) = preSolution
		Debug|Any CPU = Debug|Any CPU
		Release|Any CPU = Release|Any CPU
	EndGlobalSection
	GlobalSection(ProjectConfigurationPlatforms) = postSolution
		{B646612C-CC12-4D13-8BC8-AFAB5207E1E2}.Debug|Any CPU.ActiveCfg = Debug|Any CPU
		{B646612C-CC12-4D13-8BC8-AFAB5207E1E2}.Debug|Any CPU.Build.0 = Debug|Any CPU
		{B646612C-CC12-4D13-8BC8-AFAB5207E1E2}.Release|Any CPU.ActiveCfg = Release|Any CPU
		{B646612C-CC12-4D13-8BC8-AFAB5207E1E2}.Release|Any CPU.Build.0 = Release|Any CPU
	EndGlobalSection
	GlobalSection(SolutionProperties) = preSolution
		HideSolutionNode = FALSE
	EndGlobalSection
	GlobalSection(ExtensibilityGlobals) = postSolution
		SolutionGuid = {C6C72F7B-283A-45A5-9E5F-375A640DFA96}
	EndGlobalSection
EndGlobal
